
Microsoft Visual Studio Solution File, Format Version 12.00
# Visual Studio Version 17
VisualStudioVersion = 17.3.32929.385
MinimumVisualStudioVersion = 10.0.40219.1
Project("{FAE04EC0-301F-11D3-BF4B-00C04F79EFBC}") = "Multicamadas.APP", "Multicamadas\Multicamadas.APP.csproj", "{216282D5-987D-431E-837E-9FF80452D062}"
EndProject
Project("{FAE04EC0-301F-11D3-BF4B-00C04F79EFBC}") = "Multicamadas.BLL", "..\Multicamadas.BLL\Multicamadas.BLL\Multicamadas.BLL.csproj", "{E35E46F8-E43F-483D-9339-0BA79DC37204}"
EndProject
Project("{FAE04EC0-301F-11D3-BF4B-00C04F79EFBC}") = "Multicamadas.DAL", "..\Multicamadas.DAL\Multicamadas.DAL\Multicamadas.DAL.csproj", "{E1C0A85B-5906-4249-9250-E3C63C28716A}"
EndProject
Project("{FAE04EC0-301F-11D3-BF4B-00C04F79EFBC}") = "Multicamadas.MODEL", "..\Multicamadas.MODEL\Multicamadas.MODEL\Multicamadas.MODEL.csproj", "{75F93131-B4C5-4CC1-B680-E98CB386D5E5}"
EndProject
Project("{FAE04EC0-301F-11D3-BF4B-00C04F79EFBC}") = "Multicamadas.CONSOLE", "..\Multicamadas.CONSOLE\Multicamadas.CONSOLE\Multicamadas.CONSOLE.csproj", "{087F607B-87B5-4A17-A616-E4E21CB9E264}"
EndProject
Global
	GlobalSection(SolutionConfigurationPlatforms) = preSolution
		Debug|Any CPU = Debug|Any CPU
		Release|Any CPU = Release|Any CPU
	EndGlobalSection
	GlobalSection(ProjectConfigurationPlatforms) = postSolution
		{216282D5-987D-431E-837E-9FF80452D062}.Debug|Any CPU.ActiveCfg = Debug|Any CPU
		{216282D5-987D-431E-837E-9FF80452D062}.Debug|Any CPU.Build.0 = Debug|Any CPU
		{216282D5-987D-431E-837E-9FF80452D062}.Release|Any CPU.ActiveCfg = Release|Any CPU
		{216282D5-987D-431E-837E-9FF80452D062}.Release|Any CPU.Build.0 = Release|Any CPU
		{E35E46F8-E43F-483D-9339-0BA79DC37204}.Debug|Any CPU.ActiveCfg = Debug|Any CPU
		{E35E46F8-E43F-483D-9339-0BA79DC37204}.Debug|Any CPU.Build.0 = Debug|Any CPU
		{E35E46F8-E43F-483D-9339-0BA79DC37204}.Release|Any CPU.ActiveCfg = Release|Any CPU
		{E35E46F8-E43F-483D-9339-0BA79DC37204}.Release|Any CPU.Build.0 = Release|Any CPU
		{E1C0A85B-5906-4249-9250-E3C63C28716A}.Debug|Any CPU.ActiveCfg = Debug|Any CPU
		{E1C0A85B-5906-4249-9250-E3C63C28716A}.Debug|Any CPU.Build.0 = Debug|Any CPU
		{E1C0A85B-5906-4249-9250-E3C63C28716A}.Release|Any CPU.ActiveCfg = Release|Any CPU
		{E1C0A85B-5906-4249-9250-E3C63C28716A}.Release|Any CPU.Build.0 = Release|Any CPU
		{75F93131-B4C5-4CC1-B680-E98CB386D5E5}.Debug|Any CPU.ActiveCfg = Debug|Any CPU
		{75F93131-B4C5-4CC1-B680-E98CB386D5E5}.Debug|Any CPU.Build.0 = Debug|Any CPU
		{75F93131-B4C5-4CC1-B680-E98CB386D5E5}.Release|Any CPU.ActiveCfg = Release|Any CPU
		{75F93131-B4C5-4CC1-B680-E98CB386D5E5}.Release|Any CPU.Build.0 = Release|Any CPU
		{087F607B-87B5-4A17-A616-E4E21CB9E264}.Debug|Any CPU.ActiveCfg = Debug|Any CPU
		{087F607B-87B5-4A17-A616-E4E21CB9E264}.Debug|Any CPU.Build.0 = Debug|Any CPU
		{087F607B-87B5-4A17-A616-E4E21CB9E264}.Release|Any CPU.ActiveCfg = Release|Any CPU
		{087F607B-87B5-4A17-A616-E4E21CB9E264}.Release|Any CPU.Build.0 = Release|Any CPU
	EndGlobalSection
	GlobalSection(SolutionProperties) = preSolution
		HideSolutionNode = FALSE
	EndGlobalSection
	GlobalSection(ExtensibilityGlobals) = postSolution
		SolutionGuid = {1057DFE7-45BE-41EA-83E0-EBB85946BBA4}
	EndGlobalSection
EndGlobal
